{
  "name": "protomaps-themes-extra",
  "version": "0.0.3",
  "lockfileVersion": 2,
  "requires": true,
  "packages": {
    "": {
      "name": "protomaps-themes-extra",
      "version": "0.0.3",
      "license": "varies",
      "dependencies": {
        "protomaps": "1.19.0"
      },
      "devDependencies": {
        "@types/mapbox__point-geometry": "^0.1.2",
        "@types/rbush": "^3.0.0",
        "esbuild": "^0.11.20",
        "typescript": "^4.6.2"
      }
    },
    "node_modules/@mapbox/point-geometry": {
      "version": "0.1.0",
      "resolved": "https://registry.npmjs.org/@mapbox/point-geometry/-/point-geometry-0.1.0.tgz",
      "integrity": "sha1-ioP5M1x4YO/6Lu7KJUMyqgru2PI="
    },
    "node_modules/@mapbox/unitbezier": {
      "version": "0.0.0",
      "resolved": "https://registry.npmjs.org/@mapbox/unitbezier/-/unitbezier-0.0.0.tgz",
      "integrity": "sha1-FWUb1VOme4WB+zmIEMmK2Go0Uk4="
    },
    "node_modules/@mapbox/vector-tile": {
      "version": "1.3.1",
      "resolved": "https://registry.npmjs.org/@mapbox/vector-tile/-/vector-tile-1.3.1.tgz",
      "integrity": "sha512-MCEddb8u44/xfQ3oD+Srl/tNcQoqTw3goGk2oLsrFxOTc3dUp+kAnby3PvAeeBYSMSjSPD1nd1AJA6W49WnoUw==",
      "dependencies": {
        "@mapbox/point-geometry": "~0.1.0"
      }
    },
    "node_modules/@types/css-font-loading-module": {
      "version": "0.0.7",
      "resolved": "https://registry.npmjs.org/@types/css-font-loading-module/-/css-font-loading-module-0.0.7.tgz",
      "integrity": "sha512-nl09VhutdjINdWyXxHWN/w9zlNCfr60JUqJbd24YXUuCwgeL0TpFSdElCwb6cxfB6ybE19Gjj4g0jsgkXxKv1Q=="
    },
    "node_modules/@types/mapbox__point-geometry": {
      "version": "0.1.2",
      "resolved": "https://registry.npmjs.org/@types/mapbox__point-geometry/-/mapbox__point-geometry-0.1.2.tgz",
      "integrity": "sha512-D0lgCq+3VWV85ey1MZVkE8ZveyuvW5VAfuahVTQRpXFQTxw03SuIf1/K4UQ87MMIXVKzpFjXFiFMZzLj2kU+iA==",
      "dev": true
    },
    "node_modules/@types/rbush": {
      "version": "3.0.0",
      "resolved": "https://registry.npmjs.org/@types/rbush/-/rbush-3.0.0.tgz",
      "integrity": "sha512-W3ue/GYWXBOpkRm0VSoifrP3HV0Ni47aVJWvXyWMcbtpBy/l/K/smBRiJ+fI8f7shXRjZBiux+iJzYbh7VmcZg==",
      "dev": true
    },
    "node_modules/color2k": {
      "version": "1.2.5",
      "resolved": "https://registry.npmjs.org/color2k/-/color2k-1.2.5.tgz",
      "integrity": "sha512-G39qNMGyM/fhl8hcy1YqpfXzQ810zSGyiJAgdMFlreCI7Hpwu3Jpu4tuBM/Oxu1Bek1FwyaBbtrtdkTr4HDhLA=="
    },
    "node_modules/esbuild": {
      "version": "0.11.20",
      "resolved": "https://registry.npmjs.org/esbuild/-/esbuild-0.11.20.tgz",
      "integrity": "sha512-QOZrVpN/Yz74xfat0H6euSgn3RnwLevY1mJTEXneukz1ln9qB+ieaerRMzSeETpz/UJWsBMzRVR/andBht5WKw==",
      "dev": true,
      "hasInstallScript": true,
      "bin": {
        "esbuild": "bin/esbuild"
      }
    },
    "node_modules/flatqueue": {
      "version": "1.2.1",
      "resolved": "https://registry.npmjs.org/flatqueue/-/flatqueue-1.2.1.tgz",
      "integrity": "sha512-X86TpWS1rGuY7m382HuA9vngLeDuWA9lJvhEG+GfgKMV5onSvx5a71cl7GMbXzhWtlN9dGfqOBrpfqeOtUfGYQ=="
    },
    "node_modules/ieee754": {
      "version": "1.2.1",
      "resolved": "https://registry.npmjs.org/ieee754/-/ieee754-1.2.1.tgz",
      "integrity": "sha512-dcyqhDvX1C46lXZcVqCpK+FtMRQVdIMN6/Df5js2zouUsqG7I6sFxitIC+7KYK29KdXOLHdu9zL4sFnoVQnqaA==",
      "funding": [
        {
          "type": "github",
          "url": "https://github.com/sponsors/feross"
        },
        {
          "type": "patreon",
          "url": "https://www.patreon.com/feross"
        },
        {
          "type": "consulting",
          "url": "https://feross.org/support"
        }
      ]
    },
    "node_modules/pbf": {
      "version": "3.2.1",
      "resolved": "https://registry.npmjs.org/pbf/-/pbf-3.2.1.tgz",
      "integrity": "sha512-ClrV7pNOn7rtmoQVF4TS1vyU0WhYRnP92fzbfF75jAIwpnzdJXf8iTd4CMEqO4yUenH6NDqLiwjqlh6QgZzgLQ==",
      "dependencies": {
        "ieee754": "^1.1.12",
        "resolve-protobuf-schema": "^2.1.0"
      },
      "bin": {
        "pbf": "bin/pbf"
      }
    },
    "node_modules/pmtiles": {
      "version": "1.0.3",
      "resolved": "https://registry.npmjs.org/pmtiles/-/pmtiles-1.0.3.tgz",
      "integrity": "sha512-m9YWot7Kv0MrEmDWUjmwMNpBzGe0AyFIFi0Bw4vqf0BiGmFHd4Kg0y/jda0VrFkTvTtCyc9B+1MFONmz7FQrkw=="
    },
    "node_modules/polylabel": {
      "version": "1.1.0",
      "resolved": "https://registry.npmjs.org/polylabel/-/polylabel-1.1.0.tgz",
      "integrity": "sha512-bxaGcA40sL3d6M4hH72Z4NdLqxpXRsCFk8AITYg6x1rn1Ei3izf00UMLklerBZTO49aPA3CYrIwVulx2Bce2pA==",
      "dependencies": {
        "tinyqueue": "^2.0.3"
      }
    },
    "node_modules/potpack": {
      "version": "1.0.2",
      "resolved": "https://registry.npmjs.org/potpack/-/potpack-1.0.2.tgz",
      "integrity": "sha512-choctRBIV9EMT9WGAZHn3V7t0Z2pMQyl0EZE6pFc/6ml3ssw7Dlf/oAOvFwjm1HVsqfQN8GfeFyJ+d8tRzqueQ=="
    },
    "node_modules/protocol-buffers-schema": {
      "version": "3.5.1",
      "resolved": "https://registry.npmjs.org/protocol-buffers-schema/-/protocol-buffers-schema-3.5.1.tgz",
      "integrity": "sha512-YVCvdhxWNDP8/nJDyXLuM+UFsuPk4+1PB7WGPVDzm3HTHbzFLxQYeW2iZpS4mmnXrQJGBzt230t/BbEb7PrQaw=="
    },
    "node_modules/protomaps": {
      "version": "1.19.0",
      "resolved": "https://registry.npmjs.org/protomaps/-/protomaps-1.19.0.tgz",
      "integrity": "sha512-S+Nb3s5QR1Skw6cy2uDC+Ih6MX3cNvFwgZFukAujO8nB9yH4MhEtMqlDmO3WOT2mdrBYmQBvx9xx8KeM0Kp36Q==",
      "dependencies": {
        "@mapbox/point-geometry": "^0.1.0",
        "@mapbox/unitbezier": "^0.0.0",
        "@mapbox/vector-tile": "^1.3.1",
        "@types/css-font-loading-module": "^0.0.7",
        "color2k": "^1.2.4",
        "flatqueue": "^1.2.1",
        "pbf": "^3.2.1",
        "pmtiles": "1.0.3",
        "polylabel": "^1.1.0",
        "potpack": "^1.0.2",
        "rbush": "^3.0.1"
      }
    },
    "node_modules/quickselect": {
      "version": "2.0.0",
      "resolved": "https://registry.npmjs.org/quickselect/-/quickselect-2.0.0.tgz",
      "integrity": "sha512-RKJ22hX8mHe3Y6wH/N3wCM6BWtjaxIyyUIkpHOvfFnxdI4yD4tBXEBKSbriGujF6jnSVkJrffuo6vxACiSSxIw=="
    },
    "node_modules/rbush": {
      "version": "3.0.1",
      "resolved": "https://registry.npmjs.org/rbush/-/rbush-3.0.1.tgz",
      "integrity": "sha512-XRaVO0YecOpEuIvbhbpTrZgoiI6xBlz6hnlr6EHhd+0x9ase6EmeN+hdwwUaJvLcsFFQ8iWVF1GAK1yB0BWi0w==",
      "dependencies": {
        "quickselect": "^2.0.0"
      }
    },
    "node_modules/resolve-protobuf-schema": {
      "version": "2.1.0",
      "resolved": "https://registry.npmjs.org/resolve-protobuf-schema/-/resolve-protobuf-schema-2.1.0.tgz",
      "integrity": "sha512-kI5ffTiZWmJaS/huM8wZfEMer1eRd7oJQhDuxeCLe3t7N7mX3z94CN0xPxBQxFYQTSNz9T0i+v6inKqSdK8xrQ==",
      "dependencies": {
        "protocol-buffers-schema": "^3.3.1"
      }
    },
    "node_modules/tinyqueue": {
      "version": "2.0.3",
      "resolved": "https://registry.npmjs.org/tinyqueue/-/tinyqueue-2.0.3.tgz",
      "integrity": "sha512-ppJZNDuKGgxzkHihX8v9v9G5f+18gzaTfrukGrq6ueg0lmH4nqVnA2IPG0AEH3jKEk2GRJCUhDoqpoiw3PHLBA=="
    },
    "node_modules/typescript": {
      "version": "4.6.2",
      "resolved": "https://registry.npmjs.org/typescript/-/typescript-4.6.2.tgz",
      "integrity": "sha512-HM/hFigTBHZhLXshn9sN37H085+hQGeJHJ/X7LpBWLID/fbc2acUMfU+lGD98X81sKP+pFa9f0DZmCwB9GnbAg==",
      "dev": true,
      "bin": {
        "tsc": "bin/tsc",
        "tsserver": "bin/tsserver"
      },
      "engines": {
        "node": ">=4.2.0"
      }
    }
  },
  "dependencies": {
    "@mapbox/point-geometry": {
      "version": "0.1.0",
      "resolved": "https://registry.npmjs.org/@mapbox/point-geometry/-/point-geometry-0.1.0.tgz",
      "integrity": "sha1-ioP5M1x4YO/6Lu7KJUMyqgru2PI="
    },
    "@mapbox/unitbezier": {
      "version": "0.0.0",
      "resolved": "https://registry.npmjs.org/@mapbox/unitbezier/-/unitbezier-0.0.0.tgz",
      "integrity": "sha1-FWUb1VOme4WB+zmIEMmK2Go0Uk4="
    },
    "@mapbox/vector-tile": {
      "version": "1.3.1",
      "resolved": "https://registry.npmjs.org/@mapbox/vector-tile/-/vector-tile-1.3.1.tgz",
      "integrity": "sha512-MCEddb8u44/xfQ3oD+Srl/tNcQoqTw3goGk2oLsrFxOTc3dUp+kAnby3PvAeeBYSMSjSPD1nd1AJA6W49WnoUw==",
      "requires": {
        "@mapbox/point-geometry": "~0.1.0"
      }
    },
    "@types/css-font-loading-module": {
      "version": "0.0.7",
      "resolved": "https://registry.npmjs.org/@types/css-font-loading-module/-/css-font-loading-module-0.0.7.tgz",
      "integrity": "sha512-nl09VhutdjINdWyXxHWN/w9zlNCfr60JUqJbd24YXUuCwgeL0TpFSdElCwb6cxfB6ybE19Gjj4g0jsgkXxKv1Q=="
    },
    "@types/mapbox__point-geometry": {
      "version": "0.1.2",
      "resolved": "https://registry.npmjs.org/@types/mapbox__point-geometry/-/mapbox__point-geometry-0.1.2.tgz",
      "integrity": "sha512-D0lgCq+3VWV85ey1MZVkE8ZveyuvW5VAfuahVTQRpXFQTxw03SuIf1/K4UQ87MMIXVKzpFjXFiFMZzLj2kU+iA==",
      "dev": true
    },
    "@types/rbush": {
      "version": "3.0.0",
      "resolved": "https://registry.npmjs.org/@types/rbush/-/rbush-3.0.0.tgz",
      "integrity": "sha512-W3ue/GYWXBOpkRm0VSoifrP3HV0Ni47aVJWvXyWMcbtpBy/l/K/smBRiJ+fI8f7shXRjZBiux+iJzYbh7VmcZg==",
      "dev": true
    },
    "color2k": {
      "version": "1.2.5",
      "resolved": "https://registry.npmjs.org/color2k/-/color2k-1.2.5.tgz",
      "integrity": "sha512-G39qNMGyM/fhl8hcy1YqpfXzQ810zSGyiJAgdMFlreCI7Hpwu3Jpu4tuBM/Oxu1Bek1FwyaBbtrtdkTr4HDhLA=="
    },
    "esbuild": {
      "version": "0.11.20",
      "resolved": "https://registry.npmjs.org/esbuild/-/esbuild-0.11.20.tgz",
      "integrity": "sha512-QOZrVpN/Yz74xfat0H6euSgn3RnwLevY1mJTEXneukz1ln9qB+ieaerRMzSeETpz/UJWsBMzRVR/andBht5WKw==",
      "dev": true
    },
    "flatqueue": {
      "version": "1.2.1",
      "resolved": "https://registry.npmjs.org/flatqueue/-/flatqueue-1.2.1.tgz",
      "integrity": "sha512-X86TpWS1rGuY7m382HuA9vngLeDuWA9lJvhEG+GfgKMV5onSvx5a71cl7GMbXzhWtlN9dGfqOBrpfqeOtUfGYQ=="
    },
    "ieee754": {
      "version": "1.2.1",
      "resolved": "https://registry.npmjs.org/ieee754/-/ieee754-1.2.1.tgz",
      "integrity": "sha512-dcyqhDvX1C46lXZcVqCpK+FtMRQVdIMN6/Df5js2zouUsqG7I6sFxitIC+7KYK29KdXOLHdu9zL4sFnoVQnqaA=="
    },
    "pbf": {
      "version": "3.2.1",
      "resolved": "https://registry.npmjs.org/pbf/-/pbf-3.2.1.tgz",
      "integrity": "sha512-ClrV7pNOn7rtmoQVF4TS1vyU0WhYRnP92fzbfF75jAIwpnzdJXf8iTd4CMEqO4yUenH6NDqLiwjqlh6QgZzgLQ==",
      "requires": {
        "ieee754": "^1.1.12",
        "resolve-protobuf-schema": "^2.1.0"
      }
    },
    "pmtiles": {
      "version": "1.0.3",
      "resolved": "https://registry.npmjs.org/pmtiles/-/pmtiles-1.0.3.tgz",
      "integrity": "sha512-m9YWot7Kv0MrEmDWUjmwMNpBzGe0AyFIFi0Bw4vqf0BiGmFHd4Kg0y/jda0VrFkTvTtCyc9B+1MFONmz7FQrkw=="
    },
    "polylabel": {
      "version": "1.1.0",
      "resolved": "https://registry.npmjs.org/polylabel/-/polylabel-1.1.0.tgz",
      "integrity": "sha512-bxaGcA40sL3d6M4hH72Z4NdLqxpXRsCFk8AITYg6x1rn1Ei3izf00UMLklerBZTO49aPA3CYrIwVulx2Bce2pA==",
      "requires": {
        "tinyqueue": "^2.0.3"
      }
    },
    "potpack": {
      "version": "1.0.2",
      "resolved": "https://registry.npmjs.org/potpack/-/potpack-1.0.2.tgz",
      "integrity": "sha512-choctRBIV9EMT9WGAZHn3V7t0Z2pMQyl0EZE6pFc/6ml3ssw7Dlf/oAOvFwjm1HVsqfQN8GfeFyJ+d8tRzqueQ=="
    },
    "protocol-buffers-schema": {
      "version": "3.5.1",
      "resolved": "https://registry.npmjs.org/protocol-buffers-schema/-/protocol-buffers-schema-3.5.1.tgz",
      "integrity": "sha512-YVCvdhxWNDP8/nJDyXLuM+UFsuPk4+1PB7WGPVDzm3HTHbzFLxQYeW2iZpS4mmnXrQJGBzt230t/BbEb7PrQaw=="
    },
    "protomaps": {
      "version": "1.19.0",
      "resolved": "https://registry.npmjs.org/protomaps/-/protomaps-1.19.0.tgz",
      "integrity": "sha512-S+Nb3s5QR1Skw6cy2uDC+Ih6MX3cNvFwgZFukAujO8nB9yH4MhEtMqlDmO3WOT2mdrBYmQBvx9xx8KeM0Kp36Q==",
      "requires": {
        "@mapbox/point-geometry": "^0.1.0",
        "@mapbox/unitbezier": "^0.0.0",
        "@mapbox/vector-tile": "^1.3.1",
        "@types/css-font-loading-module": "^0.0.7",
        "color2k": "^1.2.4",
        "flatqueue": "^1.2.1",
        "pbf": "^3.2.1",
        "pmtiles": "1.0.3",
        "polylabel": "^1.1.0",
        "potpack": "^1.0.2",
        "rbush": "^3.0.1"
      }
    },
    "quickselect": {
      "version": "2.0.0",
      "resolved": "https://registry.npmjs.org/quickselect/-/quickselect-2.0.0.tgz",
      "integrity": "sha512-RKJ22hX8mHe3Y6wH/N3wCM6BWtjaxIyyUIkpHOvfFnxdI4yD4tBXEBKSbriGujF6jnSVkJrffuo6vxACiSSxIw=="
    },
    "rbush": {
      "version": "3.0.1",
      "resolved": "https://registry.npmjs.org/rbush/-/rbush-3.0.1.tgz",
      "integrity": "sha512-XRaVO0YecOpEuIvbhbpTrZgoiI6xBlz6hnlr6EHhd+0x9ase6EmeN+hdwwUaJvLcsFFQ8iWVF1GAK1yB0BWi0w==",
      "requires": {
        "quickselect": "^2.0.0"
      }
    },
    "resolve-protobuf-schema": {
      "version": "2.1.0",
      "resolved": "https://registry.npmjs.org/resolve-protobuf-schema/-/resolve-protobuf-schema-2.1.0.tgz",
      "integrity": "sha512-kI5ffTiZWmJaS/huM8wZfEMer1eRd7oJQhDuxeCLe3t7N7mX3z94CN0xPxBQxFYQTSNz9T0i+v6inKqSdK8xrQ==",
      "requires": {
        "protocol-buffers-schema": "^3.3.1"
      }
    },
    "tinyqueue": {
      "version": "2.0.3",
      "resolved": "https://registry.npmjs.org/tinyqueue/-/tinyqueue-2.0.3.tgz",
      "integrity": "sha512-ppJZNDuKGgxzkHihX8v9v9G5f+18gzaTfrukGrq6ueg0lmH4nqVnA2IPG0AEH3jKEk2GRJCUhDoqpoiw3PHLBA=="
    },
    "typescript": {
      "version": "4.6.2",
      "resolved": "https://registry.npmjs.org/typescript/-/typescript-4.6.2.tgz",
      "integrity": "sha512-HM/hFigTBHZhLXshn9sN37H085+hQGeJHJ/X7LpBWLID/fbc2acUMfU+lGD98X81sKP+pFa9f0DZmCwB9GnbAg==",
      "dev": true
    }
  }
}
