{
  "name": "protomaps-themes-base",
  "version": "1.3.1",
  "lockfileVersion": 2,
  "requires": true,
  "packages": {
    "": {
      "name": "protomaps-themes-base",
      "version": "1.3.1",
      "license": "BSD-3-Clause",
      "dependencies": {
        "esbuild-runner": "^2.2.2"
      },
      "devDependencies": {
        "esbuild": "^0.12.8",
        "typescript": "^4.5.5"
      }
    },
    "node_modules/buffer-from": {
      "version": "1.1.2",
      "resolved": "https://registry.npmjs.org/buffer-from/-/buffer-from-1.1.2.tgz",
      "integrity": "sha512-E+XQCRwSbaaiChtv6k6Dwgc+bx+Bs6vuKJHHl5kox/BaKbhiXzqQOwK4cO22yElGp2OCmjwVhT3HmxgyPGnJfQ=="
    },
    "node_modules/esbuild": {
      "version": "0.12.8",
      "resolved": "https://registry.npmjs.org/esbuild/-/esbuild-0.12.8.tgz",
      "integrity": "sha512-sx/LwlP/SWTGsd9G4RlOPrXnIihAJ2xwBUmzoqe2nWwbXORMQWtAGNJNYLBJJqa3e9PWvVzxdrtyFZJcr7D87g==",
      "hasInstallScript": true,
      "bin": {
        "esbuild": "bin/esbuild"
      }
    },
    "node_modules/esbuild-runner": {
      "version": "2.2.2",
      "resolved": "https://registry.npmjs.org/esbuild-runner/-/esbuild-runner-2.2.2.tgz",
      "integrity": "sha512-fRFVXcmYVmSmtYm2mL8RlUASt2TDkGh3uRcvHFOKNr/T58VrfVeKD9uT9nlgxk96u0LS0ehS/GY7Da/bXWKkhw==",
      "dependencies": {
        "source-map-support": "0.5.21",
        "tslib": "2.4.0"
      },
      "bin": {
        "esr": "bin/esr.js"
      },
      "peerDependencies": {
        "esbuild": "*"
      }
    },
    "node_modules/source-map": {
      "version": "0.6.1",
      "resolved": "https://registry.npmjs.org/source-map/-/source-map-0.6.1.tgz",
      "integrity": "sha512-UjgapumWlbMhkBgzT7Ykc5YXUT46F0iKu8SGXq0bcwP5dz/h0Plj6enJqjz1Zbq2l5WaqYnrVbwWOWMyF3F47g==",
      "engines": {
        "node": ">=0.10.0"
      }
    },
    "node_modules/source-map-support": {
      "version": "0.5.21",
      "resolved": "https://registry.npmjs.org/source-map-support/-/source-map-support-0.5.21.tgz",
      "integrity": "sha512-uBHU3L3czsIyYXKX88fdrGovxdSCoTGDRZ6SYXtSRxLZUzHg5P/66Ht6uoUlHu9EZod+inXhKo3qQgwXUT/y1w==",
      "dependencies": {
        "buffer-from": "^1.0.0",
        "source-map": "^0.6.0"
      }
    },
    "node_modules/tslib": {
      "version": "2.4.0",
      "resolved": "https://registry.npmjs.org/tslib/-/tslib-2.4.0.tgz",
      "integrity": "sha512-d6xOpEDfsi2CZVlPQzGeux8XMwLT9hssAsaPYExaQMuYskwb+x1x7J371tWlbBdWHroy99KnVB6qIkUbs5X3UQ=="
    },
    "node_modules/typescript": {
      "version": "4.8.4",
      "resolved": "https://registry.npmjs.org/typescript/-/typescript-4.8.4.tgz",
      "integrity": "sha512-QCh+85mCy+h0IGff8r5XWzOVSbBO+KfeYrMQh7NJ58QujwcE22u+NUSmUxqF+un70P9GXKxa2HCNiTTMJknyjQ==",
      "dev": true,
      "bin": {
        "tsc": "bin/tsc",
        "tsserver": "bin/tsserver"
      },
      "engines": {
        "node": ">=4.2.0"
      }
    }
  },
  "dependencies": {
    "buffer-from": {
      "version": "1.1.2",
      "resolved": "https://registry.npmjs.org/buffer-from/-/buffer-from-1.1.2.tgz",
      "integrity": "sha512-E+XQCRwSbaaiChtv6k6Dwgc+bx+Bs6vuKJHHl5kox/BaKbhiXzqQOwK4cO22yElGp2OCmjwVhT3HmxgyPGnJfQ=="
    },
    "esbuild": {
      "version": "0.12.8",
      "resolved": "https://registry.npmjs.org/esbuild/-/esbuild-0.12.8.tgz",
      "integrity": "sha512-sx/LwlP/SWTGsd9G4RlOPrXnIihAJ2xwBUmzoqe2nWwbXORMQWtAGNJNYLBJJqa3e9PWvVzxdrtyFZJcr7D87g=="
    },
    "esbuild-runner": {
      "version": "2.2.2",
      "resolved": "https://registry.npmjs.org/esbuild-runner/-/esbuild-runner-2.2.2.tgz",
      "integrity": "sha512-fRFVXcmYVmSmtYm2mL8RlUASt2TDkGh3uRcvHFOKNr/T58VrfVeKD9uT9nlgxk96u0LS0ehS/GY7Da/bXWKkhw==",
      "requires": {
        "source-map-support": "0.5.21",
        "tslib": "2.4.0"
      }
    },
    "source-map": {
      "version": "0.6.1",
      "resolved": "https://registry.npmjs.org/source-map/-/source-map-0.6.1.tgz",
      "integrity": "sha512-UjgapumWlbMhkBgzT7Ykc5YXUT46F0iKu8SGXq0bcwP5dz/h0Plj6enJqjz1Zbq2l5WaqYnrVbwWOWMyF3F47g=="
    },
    "source-map-support": {
      "version": "0.5.21",
      "resolved": "https://registry.npmjs.org/source-map-support/-/source-map-support-0.5.21.tgz",
      "integrity": "sha512-uBHU3L3czsIyYXKX88fdrGovxdSCoTGDRZ6SYXtSRxLZUzHg5P/66Ht6uoUlHu9EZod+inXhKo3qQgwXUT/y1w==",
      "requires": {
        "buffer-from": "^1.0.0",
        "source-map": "^0.6.0"
      }
    },
    "tslib": {
      "version": "2.4.0",
      "resolved": "https://registry.npmjs.org/tslib/-/tslib-2.4.0.tgz",
      "integrity": "sha512-d6xOpEDfsi2CZVlPQzGeux8XMwLT9hssAsaPYExaQMuYskwb+x1x7J371tWlbBdWHroy99KnVB6qIkUbs5X3UQ=="
    },
    "typescript": {
      "version": "4.8.4",
      "resolved": "https://registry.npmjs.org/typescript/-/typescript-4.8.4.tgz",
      "integrity": "sha512-QCh+85mCy+h0IGff8r5XWzOVSbBO+KfeYrMQh7NJ58QujwcE22u+NUSmUxqF+un70P9GXKxa2HCNiTTMJknyjQ==",
      "dev": true
    }
  }
}
